
Microsoft Visual Studio Solution File, Format Version 12.00
# Visual Studio Version 16
VisualStudioVersion = 16.0.32106.194
MinimumVisualStudioVersion = 10.0.40219.1
Project("{FAE04EC0-301F-11D3-BF4B-00C04F79EFBC}") = "Xamarin_Lists.Android", "Xamarin_Lists\Xamarin_Lists.Android\Xamarin_Lists.Android.csproj", "{34739EB7-C08D-42E2-855A-A360F49DE729}"
EndProject
Project("{FAE04EC0-301F-11D3-BF4B-00C04F79EFBC}") = "Xamarin_Lists.iOS", "Xamarin_Lists\Xamarin_Lists.iOS\Xamarin_Lists.iOS.csproj", "{A7AE84CA-2176-4CBF-9301-F48C34B182F6}"
EndProject
Project("{FAE04EC0-301F-11D3-BF4B-00C04F79EFBC}") = "Xamarin_Lists", "Xamarin_Lists\Xamarin_Lists\Xamarin_Lists.csproj", "{2280C391-09FE-4208-89ED-0C73FDD632EB}"
EndProject
Global
	GlobalSection(SolutionConfigurationPlatforms) = preSolution
		Debug|Any CPU = Debug|Any CPU
		Debug|iPhone = Debug|iPhone
		Debug|iPhoneSimulator = Debug|iPhoneSimulator
		Release|Any CPU = Release|Any CPU
		Release|iPhone = Release|iPhone
		Release|iPhoneSimulator = Release|iPhoneSimulator
	EndGlobalSection
	GlobalSection(ProjectConfigurationPlatforms) = postSolution
		{34739EB7-C08D-42E2-855A-A360F49DE729}.Debug|Any CPU.ActiveCfg = Debug|Any CPU
		{34739EB7-C08D-42E2-855A-A360F49DE729}.Debug|Any CPU.Build.0 = Debug|Any CPU
		{34739EB7-C08D-42E2-855A-A360F49DE729}.Debug|Any CPU.Deploy.0 = Debug|Any CPU
		{34739EB7-C08D-42E2-855A-A360F49DE729}.Debug|iPhone.ActiveCfg = Debug|Any CPU
		{34739EB7-C08D-42E2-855A-A360F49DE729}.Debug|iPhone.Build.0 = Debug|Any CPU
		{34739EB7-C08D-42E2-855A-A360F49DE729}.Debug|iPhone.Deploy.0 = Debug|Any CPU
		{34739EB7-C08D-42E2-855A-A360F49DE729}.Debug|iPhoneSimulator.ActiveCfg = Debug|Any CPU
		{34739EB7-C08D-42E2-855A-A360F49DE729}.Debug|iPhoneSimulator.Build.0 = Debug|Any CPU
		{34739EB7-C08D-42E2-855A-A360F49DE729}.Debug|iPhoneSimulator.Deploy.0 = Debug|Any CPU
		{34739EB7-C08D-42E2-855A-A360F49DE729}.Release|Any CPU.ActiveCfg = Release|Any CPU
		{34739EB7-C08D-42E2-855A-A360F49DE729}.Release|Any CPU.Build.0 = Release|Any CPU
		{34739EB7-C08D-42E2-855A-A360F49DE729}.Release|Any CPU.Deploy.0 = Release|Any CPU
		{34739EB7-C08D-42E2-855A-A360F49DE729}.Release|iPhone.ActiveCfg = Release|Any CPU
		{34739EB7-C08D-42E2-855A-A360F49DE729}.Release|iPhone.Build.0 = Release|Any CPU
		{34739EB7-C08D-42E2-855A-A360F49DE729}.Release|iPhone.Deploy.0 = Release|Any CPU
		{34739EB7-C08D-42E2-855A-A360F49DE729}.Release|iPhoneSimulator.ActiveCfg = Release|Any CPU
		{34739EB7-C08D-42E2-855A-A360F49DE729}.Release|iPhoneSimulator.Build.0 = Release|Any CPU
		{34739EB7-C08D-42E2-855A-A360F49DE729}.Release|iPhoneSimulator.Deploy.0 = Release|Any CPU
		{A7AE84CA-2176-4CBF-9301-F48C34B182F6}.Debug|Any CPU.ActiveCfg = Debug|iPhone
		{A7AE84CA-2176-4CBF-9301-F48C34B182F6}.Debug|Any CPU.Build.0 = Debug|iPhone
		{A7AE84CA-2176-4CBF-9301-F48C34B182F6}.Debug|Any CPU.Deploy.0 = Debug|iPhone
		{A7AE84CA-2176-4CBF-9301-F48C34B182F6}.Debug|iPhone.ActiveCfg = Debug|iPhone
		{A7AE84CA-2176-4CBF-9301-F48C34B182F6}.Debug|iPhone.Build.0 = Debug|iPhone
		{A7AE84CA-2176-4CBF-9301-F48C34B182F6}.Debug|iPhone.Deploy.0 = Debug|iPhone
		{A7AE84CA-2176-4CBF-9301-F48C34B182F6}.Debug|iPhoneSimulator.ActiveCfg = Debug|iPhoneSimulator
		{A7AE84CA-2176-4CBF-9301-F48C34B182F6}.Debug|iPhoneSimulator.Build.0 = Debug|iPhoneSimulator
		{A7AE84CA-2176-4CBF-9301-F48C34B182F6}.Debug|iPhoneSimulator.Deploy.0 = Debug|iPhoneSimulator
		{A7AE84CA-2176-4CBF-9301-F48C34B182F6}.Release|Any CPU.ActiveCfg = Release|iPhoneSimulator
		{A7AE84CA-2176-4CBF-9301-F48C34B182F6}.Release|Any CPU.Build.0 = Release|iPhoneSimulator
		{A7AE84CA-2176-4CBF-9301-F48C34B182F6}.Release|Any CPU.Deploy.0 = Release|iPhoneSimulator
		{A7AE84CA-2176-4CBF-9301-F48C34B182F6}.Release|iPhone.ActiveCfg = Release|iPhone
		{A7AE84CA-2176-4CBF-9301-F48C34B182F6}.Release|iPhone.Build.0 = Release|iPhone
		{A7AE84CA-2176-4CBF-9301-F48C34B182F6}.Release|iPhone.Deploy.0 = Release|iPhone
		{A7AE84CA-2176-4CBF-9301-F48C34B182F6}.Release|iPhoneSimulator.ActiveCfg = Release|iPhoneSimulator
		{A7AE84CA-2176-4CBF-9301-F48C34B182F6}.Release|iPhoneSimulator.Build.0 = Release|iPhoneSimulator
		{A7AE84CA-2176-4CBF-9301-F48C34B182F6}.Release|iPhoneSimulator.Deploy.0 = Release|iPhoneSimulator
		{2280C391-09FE-4208-89ED-0C73FDD632EB}.Debug|Any CPU.ActiveCfg = Debug|Any CPU
		{2280C391-09FE-4208-89ED-0C73FDD632EB}.Debug|Any CPU.Build.0 = Debug|Any CPU
		{2280C391-09FE-4208-89ED-0C73FDD632EB}.Debug|Any CPU.Deploy.0 = Debug|Any CPU
		{2280C391-09FE-4208-89ED-0C73FDD632EB}.Debug|iPhone.ActiveCfg = Debug|Any CPU
		{2280C391-09FE-4208-89ED-0C73FDD632EB}.Debug|iPhone.Build.0 = Debug|Any CPU
		{2280C391-09FE-4208-89ED-0C73FDD632EB}.Debug|iPhone.Deploy.0 = Debug|Any CPU
		{2280C391-09FE-4208-89ED-0C73FDD632EB}.Debug|iPhoneSimulator.ActiveCfg = Debug|Any CPU
		{2280C391-09FE-4208-89ED-0C73FDD632EB}.Debug|iPhoneSimulator.Build.0 = Debug|Any CPU
		{2280C391-09FE-4208-89ED-0C73FDD632EB}.Debug|iPhoneSimulator.Deploy.0 = Debug|Any CPU
		{2280C391-09FE-4208-89ED-0C73FDD632EB}.Release|Any CPU.ActiveCfg = Release|Any CPU
		{2280C391-09FE-4208-89ED-0C73FDD632EB}.Release|Any CPU.Build.0 = Release|Any CPU
		{2280C391-09FE-4208-89ED-0C73FDD632EB}.Release|Any CPU.Deploy.0 = Release|Any CPU
		{2280C391-09FE-4208-89ED-0C73FDD632EB}.Release|iPhone.ActiveCfg = Release|Any CPU
		{2280C391-09FE-4208-89ED-0C73FDD632EB}.Release|iPhone.Build.0 = Release|Any CPU
		{2280C391-09FE-4208-89ED-0C73FDD632EB}.Release|iPhone.Deploy.0 = Release|Any CPU
		{2280C391-09FE-4208-89ED-0C73FDD632EB}.Release|iPhoneSimulator.ActiveCfg = Release|Any CPU
		{2280C391-09FE-4208-89ED-0C73FDD632EB}.Release|iPhoneSimulator.Build.0 = Release|Any CPU
		{2280C391-09FE-4208-89ED-0C73FDD632EB}.Release|iPhoneSimulator.Deploy.0 = Release|Any CPU
	EndGlobalSection
	GlobalSection(SolutionProperties) = preSolution
		HideSolutionNode = FALSE
	EndGlobalSection
	GlobalSection(ExtensibilityGlobals) = postSolution
		SolutionGuid = {166C76D3-378F-4930-BFC8-4AF63F0DBDB4}
	EndGlobalSection
EndGlobal
